// !$*UTF8*$!
{
	archiveVersion = 1;
	classes = {
	};
	objectVersion = 50;
	objects = {

/* Begin PBXBuildFile section */
		DBEC9BDD49636EF348D1206C /* Pods_game_project.framework in Frameworks */ = {isa = PBXBuildFile; fileRef = 4CCCE81F386CC9E531A067E5 /* Pods_game_project.framework */; };
		FE1F6B5220E7171100E2E108 /* GoogleService-Info.plist in Resources */ = {isa = PBXBuildFile; fileRef = FE1F6B5120E7171100E2E108 /* GoogleService-Info.plist */; };
		FE1F6B5620E71B0100E2E108 /* ladyBug.gif in Resources */ = {isa = PBXBuildFile; fileRef = FE1F6B5520E71B0100E2E108 /* ladyBug.gif */; };
		FE1F6B5820E7258900E2E108 /* backgroundHome.gif in Resources */ = {isa = PBXBuildFile; fileRef = FE1F6B5720E7258900E2E108 /* backgroundHome.gif */; };
		FE1F6B5A20E7285000E2E108 /* ThumbsUp.gif in Resources */ = {isa = PBXBuildFile; fileRef = FE1F6B5920E7285000E2E108 /* ThumbsUp.gif */; };
		FE1F6B6020E8247400E2E108 /* Skilledreaders.png in Resources */ = {isa = PBXBuildFile; fileRef = FE1F6B5F20E8247300E2E108 /* Skilledreaders.png */; };
		FE23C89320F848EA005A977D /* speechBubble.png in Resources */ = {isa = PBXBuildFile; fileRef = FE23C89220F848EA005A977D /* speechBubble.png */; };
		FE23C89520F850EB005A977D /* LeaderboardView.swift in Sources */ = {isa = PBXBuildFile; fileRef = FE23C89420F850EB005A977D /* LeaderboardView.swift */; };
		FE23C89720F85230005A977D /* LeaderboardViewController.swift in Sources */ = {isa = PBXBuildFile; fileRef = FE23C89620F85230005A977D /* LeaderboardViewController.swift */; };
		FE974A6820D6D2440091ED1D /* AppDelegate.swift in Sources */ = {isa = PBXBuildFile; fileRef = FE974A6720D6D2440091ED1D /* AppDelegate.swift */; };
		FE974A6A20D6D2440091ED1D /* ViewController.swift in Sources */ = {isa = PBXBuildFile; fileRef = FE974A6920D6D2440091ED1D /* ViewController.swift */; };
		FE974A6D20D6D2440091ED1D /* Main.storyboard in Resources */ = {isa = PBXBuildFile; fileRef = FE974A6B20D6D2440091ED1D /* Main.storyboard */; };
		FE974A6F20D6D2450091ED1D /* Assets.xcassets in Resources */ = {isa = PBXBuildFile; fileRef = FE974A6E20D6D2450091ED1D /* Assets.xcassets */; };
		FE974A7220D6D2450091ED1D /* LaunchScreen.storyboard in Resources */ = {isa = PBXBuildFile; fileRef = FE974A7020D6D2450091ED1D /* LaunchScreen.storyboard */; };
		FE974A7C20DA05A30091ED1D /* LoginViewController.swift in Sources */ = {isa = PBXBuildFile; fileRef = FE974A7B20DA05A30091ED1D /* LoginViewController.swift */; };
		FE974A7E20DA05C10091ED1D /* SignUpViewController.swift in Sources */ = {isa = PBXBuildFile; fileRef = FE974A7D20DA05C10091ED1D /* SignUpViewController.swift */; };
		FE974A8020DA05ED0091ED1D /* CategoryViewController.swift in Sources */ = {isa = PBXBuildFile; fileRef = FE974A7F20DA05ED0091ED1D /* CategoryViewController.swift */; };
		FE974A8220DA06220091ED1D /* GrammarOneViewController.swift in Sources */ = {isa = PBXBuildFile; fileRef = FE974A8120DA06220091ED1D /* GrammarOneViewController.swift */; };
		FE974A8420DA06440091ED1D /* VocabOneViewController.swift in Sources */ = {isa = PBXBuildFile; fileRef = FE974A8320DA06440091ED1D /* VocabOneViewController.swift */; };
		FE974A8620DA06650091ED1D /* ComprehensionOneViewController.swift in Sources */ = {isa = PBXBuildFile; fileRef = FE974A8520DA06650091ED1D /* ComprehensionOneViewController.swift */; };
		FE9F9DCD20E68D5C001C234E /* AnimationView.swift in Sources */ = {isa = PBXBuildFile; fileRef = FE9F9DCC20E68D5C001C234E /* AnimationView.swift */; };
/* End PBXBuildFile section */

/* Begin PBXFileReference section */
		001ED917412124D4BC9E9EB9 /* Pods-game-project.debug.xcconfig */ = {isa = PBXFileReference; includeInIndex = 1; lastKnownFileType = text.xcconfig; name = "Pods-game-project.debug.xcconfig"; path = "Pods/Target Support Files/Pods-game-project/Pods-game-project.debug.xcconfig"; sourceTree = "<group>"; };
		4CCCE81F386CC9E531A067E5 /* Pods_game_project.framework */ = {isa = PBXFileReference; explicitFileType = wrapper.framework; includeInIndex = 0; path = Pods_game_project.framework; sourceTree = BUILT_PRODUCTS_DIR; };
		B5D1C9D5106D49C0BA44D2E0 /* Pods-game-project.release.xcconfig */ = {isa = PBXFileReference; includeInIndex = 1; lastKnownFileType = text.xcconfig; name = "Pods-game-project.release.xcconfig"; path = "Pods/Target Support Files/Pods-game-project/Pods-game-project.release.xcconfig"; sourceTree = "<group>"; };
		FE1F6B5120E7171100E2E108 /* GoogleService-Info.plist */ = {isa = PBXFileReference; fileEncoding = 4; lastKnownFileType = text.plist.xml; path = "GoogleService-Info.plist"; sourceTree = "<group>"; };
		FE1F6B5520E71B0100E2E108 /* ladyBug.gif */ = {isa = PBXFileReference; lastKnownFileType = image.gif; path = ladyBug.gif; sourceTree = "<group>"; };
		FE1F6B5720E7258900E2E108 /* backgroundHome.gif */ = {isa = PBXFileReference; lastKnownFileType = image.gif; path = backgroundHome.gif; sourceTree = "<group>"; };
		FE1F6B5920E7285000E2E108 /* ThumbsUp.gif */ = {isa = PBXFileReference; lastKnownFileType = image.gif; path = ThumbsUp.gif; sourceTree = "<group>"; };
		FE1F6B5F20E8247300E2E108 /* Skilledreaders.png */ = {isa = PBXFileReference; lastKnownFileType = image.png; path = Skilledreaders.png; sourceTree = "<group>"; };
		FE23C89220F848EA005A977D /* speechBubble.png */ = {isa = PBXFileReference; lastKnownFileType = image.png; path = speechBubble.png; sourceTree = SOURCE_ROOT; };
		FE23C89420F850EB005A977D /* LeaderboardView.swift */ = {isa = PBXFileReference; lastKnownFileType = sourcecode.swift; path = LeaderboardView.swift; sourceTree = "<group>"; };
		FE23C89620F85230005A977D /* LeaderboardViewController.swift */ = {isa = PBXFileReference; lastKnownFileType = sourcecode.swift; path = LeaderboardViewController.swift; sourceTree = "<group>"; };
		FE974A6420D6D2440091ED1D /* game-project.app */ = {isa = PBXFileReference; explicitFileType = wrapper.application; includeInIndex = 0; path = "game-project.app"; sourceTree = BUILT_PRODUCTS_DIR; };
		FE974A6720D6D2440091ED1D /* AppDelegate.swift */ = {isa = PBXFileReference; lastKnownFileType = sourcecode.swift; path = AppDelegate.swift; sourceTree = "<group>"; };
		FE974A6920D6D2440091ED1D /* ViewController.swift */ = {isa = PBXFileReference; lastKnownFileType = sourcecode.swift; path = ViewController.swift; sourceTree = "<group>"; };
		FE974A6C20D6D2440091ED1D /* Base */ = {isa = PBXFileReference; lastKnownFileType = file.storyboard; name = Base; path = Base.lproj/Main.storyboard; sourceTree = "<group>"; };
		FE974A6E20D6D2450091ED1D /* Assets.xcassets */ = {isa = PBXFileReference; lastKnownFileType = folder.assetcatalog; path = Assets.xcassets; sourceTree = "<group>"; };
		FE974A7120D6D2450091ED1D /* Base */ = {isa = PBXFileReference; lastKnownFileType = file.storyboard; name = Base; path = Base.lproj/LaunchScreen.storyboard; sourceTree = "<group>"; };
		FE974A7320D6D2450091ED1D /* Info.plist */ = {isa = PBXFileReference; lastKnownFileType = text.plist.xml; path = Info.plist; sourceTree = "<group>"; };
		FE974A7B20DA05A30091ED1D /* LoginViewController.swift */ = {isa = PBXFileReference; lastKnownFileType = sourcecode.swift; path = LoginViewController.swift; sourceTree = "<group>"; };
		FE974A7D20DA05C10091ED1D /* SignUpViewController.swift */ = {isa = PBXFileReference; lastKnownFileType = sourcecode.swift; path = SignUpViewController.swift; sourceTree = "<group>"; };
		FE974A7F20DA05ED0091ED1D /* CategoryViewController.swift */ = {isa = PBXFileReference; lastKnownFileType = sourcecode.swift; path = CategoryViewController.swift; sourceTree = "<group>"; };
		FE974A8120DA06220091ED1D /* GrammarOneViewController.swift */ = {isa = PBXFileReference; lastKnownFileType = sourcecode.swift; path = GrammarOneViewController.swift; sourceTree = "<group>"; };
		FE974A8320DA06440091ED1D /* VocabOneViewController.swift */ = {isa = PBXFileReference; lastKnownFileType = sourcecode.swift; path = VocabOneViewController.swift; sourceTree = "<group>"; };
		FE974A8520DA06650091ED1D /* ComprehensionOneViewController.swift */ = {isa = PBXFileReference; lastKnownFileType = sourcecode.swift; path = ComprehensionOneViewController.swift; sourceTree = "<group>"; };
		FE9F9DCC20E68D5C001C234E /* AnimationView.swift */ = {isa = PBXFileReference; lastKnownFileType = sourcecode.swift; path = AnimationView.swift; sourceTree = "<group>"; };
/* End PBXFileReference section */

/* Begin PBXFrameworksBuildPhase section */
		FE974A6120D6D2440091ED1D /* Frameworks */ = {
			isa = PBXFrameworksBuildPhase;
			buildActionMask = 2147483647;
			files = (
				DBEC9BDD49636EF348D1206C /* Pods_game_project.framework in Frameworks */,
			);
			runOnlyForDeploymentPostprocessing = 0;
		};
/* End PBXFrameworksBuildPhase section */

/* Begin PBXGroup section */
		380B8FDBA5409DB755C3CE4C /* Pods */ = {
			isa = PBXGroup;
			children = (
				001ED917412124D4BC9E9EB9 /* Pods-game-project.debug.xcconfig */,
				B5D1C9D5106D49C0BA44D2E0 /* Pods-game-project.release.xcconfig */,
			);
			name = Pods;
			sourceTree = "<group>";
		};
		7A0027DA820EB6C99A6EAEBD /* Frameworks */ = {
			isa = PBXGroup;
			children = (
				4CCCE81F386CC9E531A067E5 /* Pods_game_project.framework */,
			);
			name = Frameworks;
			sourceTree = "<group>";
		};
		FE974A5B20D6D2440091ED1D = {
			isa = PBXGroup;
			children = (
				FE974A6620D6D2440091ED1D /* game-project */,
				FE974A6520D6D2440091ED1D /* Products */,
				380B8FDBA5409DB755C3CE4C /* Pods */,
				7A0027DA820EB6C99A6EAEBD /* Frameworks */,
			);
			sourceTree = "<group>";
		};
		FE974A6520D6D2440091ED1D /* Products */ = {
			isa = PBXGroup;
			children = (
				FE974A6420D6D2440091ED1D /* game-project.app */,
			);
			name = Products;
			sourceTree = "<group>";
		};
		FE974A6620D6D2440091ED1D /* game-project */ = {
			isa = PBXGroup;
			children = (
				FE974A6720D6D2440091ED1D /* AppDelegate.swift */,
				FE974A6920D6D2440091ED1D /* ViewController.swift */,
				FE974A6B20D6D2440091ED1D /* Main.storyboard */,
				FE23C89620F85230005A977D /* LeaderboardViewController.swift */,
				FE974A8120DA06220091ED1D /* GrammarOneViewController.swift */,
				FE974A8320DA06440091ED1D /* VocabOneViewController.swift */,
				FE974A8520DA06650091ED1D /* ComprehensionOneViewController.swift */,
				FE974A7F20DA05ED0091ED1D /* CategoryViewController.swift */,
				FE974A7D20DA05C10091ED1D /* SignUpViewController.swift */,
				FE974A7B20DA05A30091ED1D /* LoginViewController.swift */,
				FE1F6B5520E71B0100E2E108 /* ladyBug.gif */,
				FE23C89420F850EB005A977D /* LeaderboardView.swift */,
				FE9F9DCC20E68D5C001C234E /* AnimationView.swift */,
				FE1F6B5720E7258900E2E108 /* backgroundHome.gif */,
				FE1F6B5920E7285000E2E108 /* ThumbsUp.gif */,
				FE1F6B5F20E8247300E2E108 /* Skilledreaders.png */,
				FE974A6E20D6D2450091ED1D /* Assets.xcassets */,
				FE23C89220F848EA005A977D /* speechBubble.png */,
				FE974A7020D6D2450091ED1D /* LaunchScreen.storyboard */,
				FE1F6B5120E7171100E2E108 /* GoogleService-Info.plist */,
				FE974A7320D6D2450091ED1D /* Info.plist */,
			);
			path = "game-project";
			sourceTree = "<group>";
		};
/* End PBXGroup section */

/* Begin PBXNativeTarget section */
		FE974A6320D6D2440091ED1D /* game-project */ = {
			isa = PBXNativeTarget;
			buildConfigurationList = FE974A7620D6D2450091ED1D /* Build configuration list for PBXNativeTarget "game-project" */;
			buildPhases = (
				3EDD3AF77AE31A407DF0C325 /* [CP] Check Pods Manifest.lock */,
				FE974A6020D6D2440091ED1D /* Sources */,
				FE974A6120D6D2440091ED1D /* Frameworks */,
				FE974A6220D6D2440091ED1D /* Resources */,
				20542ECBFC65496E583EA09C /* [CP] Embed Pods Frameworks */,
			);
			buildRules = (
			);
			dependencies = (
			);
			name = "game-project";
			productName = "game-project";
			productReference = FE974A6420D6D2440091ED1D /* game-project.app */;
			productType = "com.apple.product-type.application";
		};
/* End PBXNativeTarget section */

/* Begin PBXProject section */
		FE974A5C20D6D2440091ED1D /* Project object */ = {
			isa = PBXProject;
			attributes = {
				LastSwiftUpdateCheck = 0940;
				LastUpgradeCheck = 0940;
				ORGANIZATIONNAME = "Rohan Shah";
				TargetAttributes = {
					FE974A6320D6D2440091ED1D = {
						CreatedOnToolsVersion = 9.4;
					};
				};
			};
			buildConfigurationList = FE974A5F20D6D2440091ED1D /* Build configuration list for PBXProject "game-project" */;
			compatibilityVersion = "Xcode 9.3";
			developmentRegion = en;
			hasScannedForEncodings = 0;
			knownRegions = (
				en,
				Base,
			);
			mainGroup = FE974A5B20D6D2440091ED1D;
			productRefGroup = FE974A6520D6D2440091ED1D /* Products */;
			projectDirPath = "";
			projectRoot = "";
			targets = (
				FE974A6320D6D2440091ED1D /* game-project */,
			);
		};
/* End PBXProject section */

/* Begin PBXResourcesBuildPhase section */
		FE974A6220D6D2440091ED1D /* Resources */ = {
			isa = PBXResourcesBuildPhase;
			buildActionMask = 2147483647;
			files = (
				FE1F6B5A20E7285000E2E108 /* ThumbsUp.gif in Resources */,
				FE974A7220D6D2450091ED1D /* LaunchScreen.storyboard in Resources */,
				FE974A6F20D6D2450091ED1D /* Assets.xcassets in Resources */,
				FE974A6D20D6D2440091ED1D /* Main.storyboard in Resources */,
				FE23C89320F848EA005A977D /* speechBubble.png in Resources */,
				FE1F6B5220E7171100E2E108 /* GoogleService-Info.plist in Resources */,
				FE1F6B6020E8247400E2E108 /* Skilledreaders.png in Resources */,
				FE1F6B5620E71B0100E2E108 /* ladyBug.gif in Resources */,
				FE1F6B5820E7258900E2E108 /* backgroundHome.gif in Resources */,
			);
			runOnlyForDeploymentPostprocessing = 0;
		};
/* End PBXResourcesBuildPhase section */

/* Begin PBXShellScriptBuildPhase section */
		20542ECBFC65496E583EA09C /* [CP] Embed Pods Frameworks */ = {
			isa = PBXShellScriptBuildPhase;
			buildActionMask = 2147483647;
			files = (
			);
			inputPaths = (
				"${SRCROOT}/Pods/Target Support Files/Pods-game-project/Pods-game-project-frameworks.sh",
				"${BUILT_PRODUCTS_DIR}/GTMSessionFetcher/GTMSessionFetcher.framework",
				"${BUILT_PRODUCTS_DIR}/GoogleToolboxForMac/GoogleToolboxForMac.framework",
				"${BUILT_PRODUCTS_DIR}/SwiftGifOrigin/SwiftGifOrigin.framework",
				"${BUILT_PRODUCTS_DIR}/leveldb-library/leveldb.framework",
				"${BUILT_PRODUCTS_DIR}/nanopb/nanopb.framework",
			);
			name = "[CP] Embed Pods Frameworks";
			outputPaths = (
				"${TARGET_BUILD_DIR}/${FRAMEWORKS_FOLDER_PATH}/GTMSessionFetcher.framework",
				"${TARGET_BUILD_DIR}/${FRAMEWORKS_FOLDER_PATH}/GoogleToolboxForMac.framework",
				"${TARGET_BUILD_DIR}/${FRAMEWORKS_FOLDER_PATH}/SwiftGifOrigin.framework",
				"${TARGET_BUILD_DIR}/${FRAMEWORKS_FOLDER_PATH}/leveldb.framework",
				"${TARGET_BUILD_DIR}/${FRAMEWORKS_FOLDER_PATH}/nanopb.framework",
			);
			runOnlyForDeploymentPostprocessing = 0;
			shellPath = /bin/sh;
			shellScript = "\"${SRCROOT}/Pods/Target Support Files/Pods-game-project/Pods-game-project-frameworks.sh\"\n";
			showEnvVarsInLog = 0;
		};
		3EDD3AF77AE31A407DF0C325 /* [CP] Check Pods Manifest.lock */ = {
			isa = PBXShellScriptBuildPhase;
			buildActionMask = 2147483647;
			files = (
			);
			inputPaths = (
				"${PODS_PODFILE_DIR_PATH}/Podfile.lock",
				"${PODS_ROOT}/Manifest.lock",
			);
			name = "[CP] Check Pods Manifest.lock";
			outputPaths = (
				"$(DERIVED_FILE_DIR)/Pods-game-project-checkManifestLockResult.txt",
			);
			runOnlyForDeploymentPostprocessing = 0;
			shellPath = /bin/sh;
			shellScript = "diff \"${PODS_PODFILE_DIR_PATH}/Podfile.lock\" \"${PODS_ROOT}/Manifest.lock\" > /dev/null\nif [ $? != 0 ] ; then\n    # print error to STDERR\n    echo \"error: The sandbox is not in sync with the Podfile.lock. Run 'pod install' or update your CocoaPods installation.\" >&2\n    exit 1\nfi\n# This output is used by Xcode 'outputs' to avoid re-running this script phase.\necho \"SUCCESS\" > \"${SCRIPT_OUTPUT_FILE_0}\"\n";
			showEnvVarsInLog = 0;
		};
/* End PBXShellScriptBuildPhase section */

/* Begin PBXSourcesBuildPhase section */
		FE974A6020D6D2440091ED1D /* Sources */ = {
			isa = PBXSourcesBuildPhase;
			buildActionMask = 2147483647;
			files = (
				FE23C89520F850EB005A977D /* LeaderboardView.swift in Sources */,
				FE974A8420DA06440091ED1D /* VocabOneViewController.swift in Sources */,
				FE974A8020DA05ED0091ED1D /* CategoryViewController.swift in Sources */,
				FE974A8620DA06650091ED1D /* ComprehensionOneViewController.swift in Sources */,
				FE974A7C20DA05A30091ED1D /* LoginViewController.swift in Sources */,
				FE974A6A20D6D2440091ED1D /* ViewController.swift in Sources */,
				FE974A8220DA06220091ED1D /* GrammarOneViewController.swift in Sources */,
				FE974A7E20DA05C10091ED1D /* SignUpViewController.swift in Sources */,
				FE23C89720F85230005A977D /* LeaderboardViewController.swift in Sources */,
				FE974A6820D6D2440091ED1D /* AppDelegate.swift in Sources */,
				FE9F9DCD20E68D5C001C234E /* AnimationView.swift in Sources */,
			);
			runOnlyForDeploymentPostprocessing = 0;
		};
/* End PBXSourcesBuildPhase section */

/* Begin PBXVariantGroup section */
		FE974A6B20D6D2440091ED1D /* Main.storyboard */ = {
			isa = PBXVariantGroup;
			children = (
				FE974A6C20D6D2440091ED1D /* Base */,
			);
			name = Main.storyboard;
			sourceTree = "<group>";
		};
		FE974A7020D6D2450091ED1D /* LaunchScreen.storyboard */ = {
			isa = PBXVariantGroup;
			children = (
				FE974A7120D6D2450091ED1D /* Base */,
			);
			name = LaunchScreen.storyboard;
			sourceTree = "<group>";
		};
/* End PBXVariantGroup section */

/* Begin XCBuildConfiguration section */
		FE974A7420D6D2450091ED1D /* Debug */ = {
			isa = XCBuildConfiguration;
			buildSettings = {
				ALWAYS_SEARCH_USER_PATHS = NO;
				CLANG_ANALYZER_NONNULL = YES;
				CLANG_ANALYZER_NUMBER_OBJECT_CONVERSION = YES_AGGRESSIVE;
				CLANG_CXX_LANGUAGE_STANDARD = "gnu++14";
				CLANG_CXX_LIBRARY = "libc++";
				CLANG_ENABLE_MODULES = YES;
				CLANG_ENABLE_OBJC_ARC = YES;
				CLANG_ENABLE_OBJC_WEAK = YES;
				CLANG_WARN_BLOCK_CAPTURE_AUTORELEASING = YES;
				CLANG_WARN_BOOL_CONVERSION = YES;
				CLANG_WARN_COMMA = YES;
				CLANG_WARN_CONSTANT_CONVERSION = YES;
				CLANG_WARN_DEPRECATED_OBJC_IMPLEMENTATIONS = YES;
				CLANG_WARN_DIRECT_OBJC_ISA_USAGE = YES_ERROR;
				CLANG_WARN_DOCUMENTATION_COMMENTS = YES;
				CLANG_WARN_EMPTY_BODY = YES;
				CLANG_WARN_ENUM_CONVERSION = YES;
				CLANG_WARN_INFINITE_RECURSION = YES;
				CLANG_WARN_INT_CONVERSION = YES;
				CLANG_WARN_NON_LITERAL_NULL_CONVERSION = YES;
				CLANG_WARN_OBJC_IMPLICIT_RETAIN_SELF = YES;
				CLANG_WARN_OBJC_LITERAL_CONVERSION = YES;
				CLANG_WARN_OBJC_ROOT_CLASS = YES_ERROR;
				CLANG_WARN_RANGE_LOOP_ANALYSIS = YES;
				CLANG_WARN_STRICT_PROTOTYPES = YES;
				CLANG_WARN_SUSPICIOUS_MOVE = YES;
				CLANG_WARN_UNGUARDED_AVAILABILITY = YES_AGGRESSIVE;
				CLANG_WARN_UNREACHABLE_CODE = YES;
				CLANG_WARN__DUPLICATE_METHOD_MATCH = YES;
				CODE_SIGN_IDENTITY = "iPhone Developer";
				COPY_PHASE_STRIP = NO;
				DEBUG_INFORMATION_FORMAT = dwarf;
				ENABLE_STRICT_OBJC_MSGSEND = YES;
				ENABLE_TESTABILITY = YES;
				GCC_C_LANGUAGE_STANDARD = gnu11;
				GCC_DYNAMIC_NO_PIC = NO;
				GCC_NO_COMMON_BLOCKS = YES;
				GCC_OPTIMIZATION_LEVEL = 0;
				GCC_PREPROCESSOR_DEFINITIONS = (
					"DEBUG=1",
					"$(inherited)",
				);
				GCC_WARN_64_TO_32_BIT_CONVERSION = YES;
				GCC_WARN_ABOUT_RETURN_TYPE = YES_ERROR;
				GCC_WARN_UNDECLARED_SELECTOR = YES;
				GCC_WARN_UNINITIALIZED_AUTOS = YES_AGGRESSIVE;
				GCC_WARN_UNUSED_FUNCTION = YES;
				GCC_WARN_UNUSED_VARIABLE = YES;
				IPHONEOS_DEPLOYMENT_TARGET = 11.4;
				MTL_ENABLE_DEBUG_INFO = YES;
				ONLY_ACTIVE_ARCH = YES;
				SDKROOT = iphoneos;
				SWIFT_ACTIVE_COMPILATION_CONDITIONS = DEBUG;
				SWIFT_OPTIMIZATION_LEVEL = "-Onone";
			};
			name = Debug;
		};
		FE974A7520D6D2450091ED1D /* Release */ = {
			isa = XCBuildConfiguration;
			buildSettings = {
				ALWAYS_SEARCH_USER_PATHS = NO;
				CLANG_ANALYZER_NONNULL = YES;
				CLANG_ANALYZER_NUMBER_OBJECT_CONVERSION = YES_AGGRESSIVE;
				CLANG_CXX_LANGUAGE_STANDARD = "gnu++14";
				CLANG_CXX_LIBRARY = "libc++";
				CLANG_ENABLE_MODULES = YES;
				CLANG_ENABLE_OBJC_ARC = YES;
				CLANG_ENABLE_OBJC_WEAK = YES;
				CLANG_WARN_BLOCK_CAPTURE_AUTORELEASING = YES;
				CLANG_WARN_BOOL_CONVERSION = YES;
				CLANG_WARN_COMMA = YES;
				CLANG_WARN_CONSTANT_CONVERSION = YES;
				CLANG_WARN_DEPRECATED_OBJC_IMPLEMENTATIONS = YES;
				CLANG_WARN_DIRECT_OBJC_ISA_USAGE = YES_ERROR;
				CLANG_WARN_DOCUMENTATION_COMMENTS = YES;
				CLANG_WARN_EMPTY_BODY = YES;
				CLANG_WARN_ENUM_CONVERSION = YES;
				CLANG_WARN_INFINITE_RECURSION = YES;
				CLANG_WARN_INT_CONVERSION = YES;
				CLANG_WARN_NON_LITERAL_NULL_CONVERSION = YES;
				CLANG_WARN_OBJC_IMPLICIT_RETAIN_SELF = YES;
				CLANG_WARN_OBJC_LITERAL_CONVERSION = YES;
				CLANG_WARN_OBJC_ROOT_CLASS = YES_ERROR;
				CLANG_WARN_RANGE_LOOP_ANALYSIS = YES;
				CLANG_WARN_STRICT_PROTOTYPES = YES;
				CLANG_WARN_SUSPICIOUS_MOVE = YES;
				CLANG_WARN_UNGUARDED_AVAILABILITY = YES_AGGRESSIVE;
				CLANG_WARN_UNREACHABLE_CODE = YES;
				CLANG_WARN__DUPLICATE_METHOD_MATCH = YES;
				CODE_SIGN_IDENTITY = "iPhone Developer";
				COPY_PHASE_STRIP = NO;
				DEBUG_INFORMATION_FORMAT = "dwarf-with-dsym";
				ENABLE_NS_ASSERTIONS = NO;
				ENABLE_STRICT_OBJC_MSGSEND = YES;
				GCC_C_LANGUAGE_STANDARD = gnu11;
				GCC_NO_COMMON_BLOCKS = YES;
				GCC_WARN_64_TO_32_BIT_CONVERSION = YES;
				GCC_WARN_ABOUT_RETURN_TYPE = YES_ERROR;
				GCC_WARN_UNDECLARED_SELECTOR = YES;
				GCC_WARN_UNINITIALIZED_AUTOS = YES_AGGRESSIVE;
				GCC_WARN_UNUSED_FUNCTION = YES;
				GCC_WARN_UNUSED_VARIABLE = YES;
				IPHONEOS_DEPLOYMENT_TARGET = 11.4;
				MTL_ENABLE_DEBUG_INFO = NO;
				SDKROOT = iphoneos;
				SWIFT_COMPILATION_MODE = wholemodule;
				SWIFT_OPTIMIZATION_LEVEL = "-O";
				VALIDATE_PRODUCT = YES;
			};
			name = Release;
		};
		FE974A7720D6D2450091ED1D /* Debug */ = {
			isa = XCBuildConfiguration;
			baseConfigurationReference = 001ED917412124D4BC9E9EB9 /* Pods-game-project.debug.xcconfig */;
			buildSettings = {
				ASSETCATALOG_COMPILER_APPICON_NAME = AppIcon;
				CODE_SIGN_STYLE = Automatic;
				INFOPLIST_FILE = "game-project/Info.plist";
				LD_RUNPATH_SEARCH_PATHS = (
					"$(inherited)",
					"@executable_path/Frameworks",
				);
				PRODUCT_BUNDLE_IDENTIFIER = com.example.readingapp;
				PRODUCT_NAME = "$(TARGET_NAME)";
				SWIFT_VERSION = 4.0;
				TARGETED_DEVICE_FAMILY = "1,2";
			};
			name = Debug;
		};
		FE974A7820D6D2450091ED1D /* Release */ = {
			isa = XCBuildConfiguration;
			baseConfigurationReference = B5D1C9D5106D49C0BA44D2E0 /* Pods-game-project.release.xcconfig */;
			buildSettings = {
				ASSETCATALOG_COMPILER_APPICON_NAME = AppIcon;
				CODE_SIGN_STYLE = Automatic;
				INFOPLIST_FILE = "game-project/Info.plist";
				LD_RUNPATH_SEARCH_PATHS = (
					"$(inherited)",
					"@executable_path/Frameworks",
				);
				PRODUCT_BUNDLE_IDENTIFIER = com.example.readingapp;
				PRODUCT_NAME = "$(TARGET_NAME)";
				SWIFT_VERSION = 4.0;
				TARGETED_DEVICE_FAMILY = "1,2";
			};
			name = Release;
		};
/* End XCBuildConfiguration section */

/* Begin XCConfigurationList section */
		FE974A5F20D6D2440091ED1D /* Build configuration list for PBXProject "game-project" */ = {
			isa = XCConfigurationList;
			buildConfigurations = (
				FE974A7420D6D2450091ED1D /* Debug */,
				FE974A7520D6D2450091ED1D /* Release */,
			);
			defaultConfigurationIsVisible = 0;
			defaultConfigurationName = Release;
		};
		FE974A7620D6D2450091ED1D /* Build configuration list for PBXNativeTarget "game-project" */ = {
			isa = XCConfigurationList;
			buildConfigurations = (
				FE974A7720D6D2450091ED1D /* Debug */,
				FE974A7820D6D2450091ED1D /* Release */,
			);
			defaultConfigurationIsVisible = 0;
			defaultConfigurationName = Release;
		};
/* End XCConfigurationList section */
	};
	rootObject = FE974A5C20D6D2440091ED1D /* Project object */;
}
